
Microsoft Visual Studio Solution File, Format Version 12.00
# Visual Studio 15
VisualStudioVersion = 15.0.28307.1267
MinimumVisualStudioVersion = 10.0.40219.1
Project("{FAE04EC0-301F-11D3-BF4B-00C04F79EFBC}") = "programa_TEMPERATURA", "programa_TEMPERATURA\programa_TEMPERATURA.csproj", "{09407105-5C6B-49FD-A70B-C8C1528258F1}"
EndProject
Global
	GlobalSection(SolutionConfigurationPlatforms) = preSolution
		Debug|Any CPU = Debug|Any CPU
		Release|Any CPU = Release|Any CPU
	EndGlobalSection
	GlobalSection(ProjectConfigurationPlatforms) = postSolution
		{09407105-5C6B-49FD-A70B-C8C1528258F1}.Debug|Any CPU.ActiveCfg = Debug|Any CPU
		{09407105-5C6B-49FD-A70B-C8C1528258F1}.Debug|Any CPU.Build.0 = Debug|Any CPU
		{09407105-5C6B-49FD-A70B-C8C1528258F1}.Release|Any CPU.ActiveCfg = Release|Any CPU
		{09407105-5C6B-49FD-A70B-C8C1528258F1}.Release|Any CPU.Build.0 = Release|Any CPU
	EndGlobalSection
	GlobalSection(SolutionProperties) = preSolution
		HideSolutionNode = FALSE
	EndGlobalSection
	GlobalSection(ExtensibilityGlobals) = postSolution
		SolutionGuid = {3D04C7A9-7DD5-479B-9A02-36FC9DA0797A}
	EndGlobalSection
EndGlobal
