
Microsoft Visual Studio Solution File, Format Version 12.00
# Visual Studio 15
VisualStudioVersion = 15.0.28307.1267
MinimumVisualStudioVersion = 10.0.40219.1
Project("{FAE04EC0-301F-11D3-BF4B-00C04F79EFBC}") = "programa_PERMITIDO", "programa_PERMITIDO\programa_PERMITIDO.csproj", "{23DB9C66-D57C-4B57-B302-92D9AF93DC95}"
EndProject
Global
	GlobalSection(SolutionConfigurationPlatforms) = preSolution
		Debug|Any CPU = Debug|Any CPU
		Release|Any CPU = Release|Any CPU
	EndGlobalSection
	GlobalSection(ProjectConfigurationPlatforms) = postSolution
		{23DB9C66-D57C-4B57-B302-92D9AF93DC95}.Debug|Any CPU.ActiveCfg = Debug|Any CPU
		{23DB9C66-D57C-4B57-B302-92D9AF93DC95}.Debug|Any CPU.Build.0 = Debug|Any CPU
		{23DB9C66-D57C-4B57-B302-92D9AF93DC95}.Release|Any CPU.ActiveCfg = Release|Any CPU
		{23DB9C66-D57C-4B57-B302-92D9AF93DC95}.Release|Any CPU.Build.0 = Release|Any CPU
	EndGlobalSection
	GlobalSection(SolutionProperties) = preSolution
		HideSolutionNode = FALSE
	EndGlobalSection
	GlobalSection(ExtensibilityGlobals) = postSolution
		SolutionGuid = {40FE60F5-5663-4F96-851E-68EDE98A484C}
	EndGlobalSection
EndGlobal
