
Microsoft Visual Studio Solution File, Format Version 12.00
# Visual Studio 15
VisualStudioVersion = 15.0.28307.1267
MinimumVisualStudioVersion = 10.0.40219.1
Project("{FAE04EC0-301F-11D3-BF4B-00C04F79EFBC}") = "Exemplo_1", "Exemplo_1\Exemplo_1.csproj", "{8B5DD499-7A65-4CBA-9EE6-0D96AF98A3AB}"
EndProject
Global
	GlobalSection(SolutionConfigurationPlatforms) = preSolution
		Debug|Any CPU = Debug|Any CPU
		Release|Any CPU = Release|Any CPU
	EndGlobalSection
	GlobalSection(ProjectConfigurationPlatforms) = postSolution
		{8B5DD499-7A65-4CBA-9EE6-0D96AF98A3AB}.Debug|Any CPU.ActiveCfg = Debug|Any CPU
		{8B5DD499-7A65-4CBA-9EE6-0D96AF98A3AB}.Debug|Any CPU.Build.0 = Debug|Any CPU
		{8B5DD499-7A65-4CBA-9EE6-0D96AF98A3AB}.Release|Any CPU.ActiveCfg = Release|Any CPU
		{8B5DD499-7A65-4CBA-9EE6-0D96AF98A3AB}.Release|Any CPU.Build.0 = Release|Any CPU
	EndGlobalSection
	GlobalSection(SolutionProperties) = preSolution
		HideSolutionNode = FALSE
	EndGlobalSection
	GlobalSection(ExtensibilityGlobals) = postSolution
		SolutionGuid = {E92269AC-E8F1-41A5-AEEE-292168F3BCE1}
	EndGlobalSection
EndGlobal
