
Microsoft Visual Studio Solution File, Format Version 12.00
# Visual Studio 15
VisualStudioVersion = 15.0.28307.1267
MinimumVisualStudioVersion = 10.0.40219.1
Project("{FAE04EC0-301F-11D3-BF4B-00C04F79EFBC}") = "5_1_whileCounter", "5_1_whileCounter\5_1_whileCounter.csproj", "{E04125B7-6BBD-424C-8C72-A47C4B9897E9}"
EndProject
Global
	GlobalSection(SolutionConfigurationPlatforms) = preSolution
		Debug|Any CPU = Debug|Any CPU
		Release|Any CPU = Release|Any CPU
	EndGlobalSection
	GlobalSection(ProjectConfigurationPlatforms) = postSolution
		{E04125B7-6BBD-424C-8C72-A47C4B9897E9}.Debug|Any CPU.ActiveCfg = Debug|Any CPU
		{E04125B7-6BBD-424C-8C72-A47C4B9897E9}.Debug|Any CPU.Build.0 = Debug|Any CPU
		{E04125B7-6BBD-424C-8C72-A47C4B9897E9}.Release|Any CPU.ActiveCfg = Release|Any CPU
		{E04125B7-6BBD-424C-8C72-A47C4B9897E9}.Release|Any CPU.Build.0 = Release|Any CPU
	EndGlobalSection
	GlobalSection(SolutionProperties) = preSolution
		HideSolutionNode = FALSE
	EndGlobalSection
	GlobalSection(ExtensibilityGlobals) = postSolution
		SolutionGuid = {46AAFA0A-EB22-4E25-AF9C-DC05C5300FCB}
	EndGlobalSection
EndGlobal
