
Microsoft Visual Studio Solution File, Format Version 12.00
# Visual Studio 15
VisualStudioVersion = 15.0.28307.1267
MinimumVisualStudioVersion = 10.0.40219.1
Project("{FAE04EC0-301F-11D3-BF4B-00C04F79EFBC}") = "tiposVariaveis", "tiposVariaveis\tiposVariaveis.csproj", "{0049054E-0710-46A1-9366-8F56E54F1DBE}"
EndProject
Global
	GlobalSection(SolutionConfigurationPlatforms) = preSolution
		Debug|Any CPU = Debug|Any CPU
		Release|Any CPU = Release|Any CPU
	EndGlobalSection
	GlobalSection(ProjectConfigurationPlatforms) = postSolution
		{0049054E-0710-46A1-9366-8F56E54F1DBE}.Debug|Any CPU.ActiveCfg = Debug|Any CPU
		{0049054E-0710-46A1-9366-8F56E54F1DBE}.Debug|Any CPU.Build.0 = Debug|Any CPU
		{0049054E-0710-46A1-9366-8F56E54F1DBE}.Release|Any CPU.ActiveCfg = Release|Any CPU
		{0049054E-0710-46A1-9366-8F56E54F1DBE}.Release|Any CPU.Build.0 = Release|Any CPU
	EndGlobalSection
	GlobalSection(SolutionProperties) = preSolution
		HideSolutionNode = FALSE
	EndGlobalSection
	GlobalSection(ExtensibilityGlobals) = postSolution
		SolutionGuid = {A110C642-CE41-4E06-BA81-070D935D8254}
	EndGlobalSection
EndGlobal
