
Microsoft Visual Studio Solution File, Format Version 12.00
# Visual Studio 15
VisualStudioVersion = 15.0.28307.1267
MinimumVisualStudioVersion = 10.0.40219.1
Project("{FAE04EC0-301F-11D3-BF4B-00C04F79EFBC}") = "ex_4_9_average2", "ex_4_9_average2\ex_4_9_average2.csproj", "{A2656A36-F9C3-4AC9-BD83-8CEF20C5108C}"
EndProject
Global
	GlobalSection(SolutionConfigurationPlatforms) = preSolution
		Debug|Any CPU = Debug|Any CPU
		Release|Any CPU = Release|Any CPU
	EndGlobalSection
	GlobalSection(ProjectConfigurationPlatforms) = postSolution
		{A2656A36-F9C3-4AC9-BD83-8CEF20C5108C}.Debug|Any CPU.ActiveCfg = Debug|Any CPU
		{A2656A36-F9C3-4AC9-BD83-8CEF20C5108C}.Debug|Any CPU.Build.0 = Debug|Any CPU
		{A2656A36-F9C3-4AC9-BD83-8CEF20C5108C}.Release|Any CPU.ActiveCfg = Release|Any CPU
		{A2656A36-F9C3-4AC9-BD83-8CEF20C5108C}.Release|Any CPU.Build.0 = Release|Any CPU
	EndGlobalSection
	GlobalSection(SolutionProperties) = preSolution
		HideSolutionNode = FALSE
	EndGlobalSection
	GlobalSection(ExtensibilityGlobals) = postSolution
		SolutionGuid = {545C9755-B0FD-4355-8CD5-E25D5C1E9419}
	EndGlobalSection
EndGlobal
