
Microsoft Visual Studio Solution File, Format Version 12.00
# Visual Studio 15
VisualStudioVersion = 15.0.28307.1267
MinimumVisualStudioVersion = 10.0.40219.1
Project("{FAE04EC0-301F-11D3-BF4B-00C04F79EFBC}") = "s38_triangulo", "s38_triangulo\s38_triangulo.csproj", "{A67717A9-BEBA-4706-8E07-C307A633823F}"
EndProject
Global
	GlobalSection(SolutionConfigurationPlatforms) = preSolution
		Debug|Any CPU = Debug|Any CPU
		Release|Any CPU = Release|Any CPU
	EndGlobalSection
	GlobalSection(ProjectConfigurationPlatforms) = postSolution
		{A67717A9-BEBA-4706-8E07-C307A633823F}.Debug|Any CPU.ActiveCfg = Debug|Any CPU
		{A67717A9-BEBA-4706-8E07-C307A633823F}.Debug|Any CPU.Build.0 = Debug|Any CPU
		{A67717A9-BEBA-4706-8E07-C307A633823F}.Release|Any CPU.ActiveCfg = Release|Any CPU
		{A67717A9-BEBA-4706-8E07-C307A633823F}.Release|Any CPU.Build.0 = Release|Any CPU
	EndGlobalSection
	GlobalSection(SolutionProperties) = preSolution
		HideSolutionNode = FALSE
	EndGlobalSection
	GlobalSection(ExtensibilityGlobals) = postSolution
		SolutionGuid = {E7ACB559-7A1C-4D84-82D0-9ABFFB8F63E1}
	EndGlobalSection
EndGlobal
