
Microsoft Visual Studio Solution File, Format Version 12.00
# Visual Studio 15
VisualStudioVersion = 15.0.28307.1267
MinimumVisualStudioVersion = 10.0.40219.1
Project("{FAE04EC0-301F-11D3-BF4B-00C04F79EFBC}") = "ClassePessoa", "ClassePessoa\ClassePessoa.csproj", "{8738C4A2-1A09-4CEA-8DE1-8023D292EF4A}"
EndProject
Global
	GlobalSection(SolutionConfigurationPlatforms) = preSolution
		Debug|Any CPU = Debug|Any CPU
		Release|Any CPU = Release|Any CPU
	EndGlobalSection
	GlobalSection(ProjectConfigurationPlatforms) = postSolution
		{8738C4A2-1A09-4CEA-8DE1-8023D292EF4A}.Debug|Any CPU.ActiveCfg = Debug|Any CPU
		{8738C4A2-1A09-4CEA-8DE1-8023D292EF4A}.Debug|Any CPU.Build.0 = Debug|Any CPU
		{8738C4A2-1A09-4CEA-8DE1-8023D292EF4A}.Release|Any CPU.ActiveCfg = Release|Any CPU
		{8738C4A2-1A09-4CEA-8DE1-8023D292EF4A}.Release|Any CPU.Build.0 = Release|Any CPU
	EndGlobalSection
	GlobalSection(SolutionProperties) = preSolution
		HideSolutionNode = FALSE
	EndGlobalSection
	GlobalSection(ExtensibilityGlobals) = postSolution
		SolutionGuid = {2C7F877A-CFB0-4F3A-8728-216E94DCEF53}
	EndGlobalSection
EndGlobal
