
Microsoft Visual Studio Solution File, Format Version 12.00
# Visual Studio 15
VisualStudioVersion = 15.0.28307.1267
MinimumVisualStudioVersion = 10.0.40219.1
Project("{FAE04EC0-301F-11D3-BF4B-00C04F79EFBC}") = "programa_MEDIA_COM_EXAME", "programa_MEDIA_COM_EXAME\programa_MEDIA_COM_EXAME.csproj", "{D5BD5B6F-0F50-4CAB-AA18-BF7BE86FA51D}"
EndProject
Global
	GlobalSection(SolutionConfigurationPlatforms) = preSolution
		Debug|Any CPU = Debug|Any CPU
		Release|Any CPU = Release|Any CPU
	EndGlobalSection
	GlobalSection(ProjectConfigurationPlatforms) = postSolution
		{D5BD5B6F-0F50-4CAB-AA18-BF7BE86FA51D}.Debug|Any CPU.ActiveCfg = Debug|Any CPU
		{D5BD5B6F-0F50-4CAB-AA18-BF7BE86FA51D}.Debug|Any CPU.Build.0 = Debug|Any CPU
		{D5BD5B6F-0F50-4CAB-AA18-BF7BE86FA51D}.Release|Any CPU.ActiveCfg = Release|Any CPU
		{D5BD5B6F-0F50-4CAB-AA18-BF7BE86FA51D}.Release|Any CPU.Build.0 = Release|Any CPU
	EndGlobalSection
	GlobalSection(SolutionProperties) = preSolution
		HideSolutionNode = FALSE
	EndGlobalSection
	GlobalSection(ExtensibilityGlobals) = postSolution
		SolutionGuid = {9F2F0666-9750-41D6-A395-6794A30BE6C3}
	EndGlobalSection
EndGlobal
