
Microsoft Visual Studio Solution File, Format Version 12.00
# Visual Studio 15
VisualStudioVersion = 15.0.28307.1267
MinimumVisualStudioVersion = 10.0.40219.1
Project("{FAE04EC0-301F-11D3-BF4B-00C04F79EFBC}") = "programa_MAIOR_IGUAL_100", "programa_MAIOR_IGUAL_100\programa_MAIOR_IGUAL_100.csproj", "{C099B81A-2C66-4B4E-869E-13405EC1096E}"
EndProject
Global
	GlobalSection(SolutionConfigurationPlatforms) = preSolution
		Debug|Any CPU = Debug|Any CPU
		Release|Any CPU = Release|Any CPU
	EndGlobalSection
	GlobalSection(ProjectConfigurationPlatforms) = postSolution
		{C099B81A-2C66-4B4E-869E-13405EC1096E}.Debug|Any CPU.ActiveCfg = Debug|Any CPU
		{C099B81A-2C66-4B4E-869E-13405EC1096E}.Debug|Any CPU.Build.0 = Debug|Any CPU
		{C099B81A-2C66-4B4E-869E-13405EC1096E}.Release|Any CPU.ActiveCfg = Release|Any CPU
		{C099B81A-2C66-4B4E-869E-13405EC1096E}.Release|Any CPU.Build.0 = Release|Any CPU
	EndGlobalSection
	GlobalSection(SolutionProperties) = preSolution
		HideSolutionNode = FALSE
	EndGlobalSection
	GlobalSection(ExtensibilityGlobals) = postSolution
		SolutionGuid = {42F29802-2579-4B1F-BE83-6F77569382BE}
	EndGlobalSection
EndGlobal
