
Microsoft Visual Studio Solution File, Format Version 12.00
# Visual Studio 15
VisualStudioVersion = 15.0.28307.1267
MinimumVisualStudioVersion = 10.0.40219.1
Project("{FAE04EC0-301F-11D3-BF4B-00C04F79EFBC}") = "ex_4_6_repeticao_controlada", "ex_4_6_repeticao_controlada\ex_4_6_repeticao_controlada.csproj", "{55DCE848-A42A-44CF-9351-5FB2195A59B3}"
EndProject
Global
	GlobalSection(SolutionConfigurationPlatforms) = preSolution
		Debug|Any CPU = Debug|Any CPU
		Release|Any CPU = Release|Any CPU
	EndGlobalSection
	GlobalSection(ProjectConfigurationPlatforms) = postSolution
		{55DCE848-A42A-44CF-9351-5FB2195A59B3}.Debug|Any CPU.ActiveCfg = Debug|Any CPU
		{55DCE848-A42A-44CF-9351-5FB2195A59B3}.Debug|Any CPU.Build.0 = Debug|Any CPU
		{55DCE848-A42A-44CF-9351-5FB2195A59B3}.Release|Any CPU.ActiveCfg = Release|Any CPU
		{55DCE848-A42A-44CF-9351-5FB2195A59B3}.Release|Any CPU.Build.0 = Release|Any CPU
	EndGlobalSection
	GlobalSection(SolutionProperties) = preSolution
		HideSolutionNode = FALSE
	EndGlobalSection
	GlobalSection(ExtensibilityGlobals) = postSolution
		SolutionGuid = {7927C2FB-D5F5-4661-94F8-715E81CCCF62}
	EndGlobalSection
EndGlobal
