
Microsoft Visual Studio Solution File, Format Version 12.00
# Visual Studio 15
VisualStudioVersion = 15.0.28307.1267
MinimumVisualStudioVersion = 10.0.40219.1
Project("{FAE04EC0-301F-11D3-BF4B-00C04F79EFBC}") = "Exemplo_array", "Exemplo_array\Exemplo_array.csproj", "{06A64AAB-9D3F-4C5A-BF91-097C84878546}"
EndProject
Global
	GlobalSection(SolutionConfigurationPlatforms) = preSolution
		Debug|Any CPU = Debug|Any CPU
		Release|Any CPU = Release|Any CPU
	EndGlobalSection
	GlobalSection(ProjectConfigurationPlatforms) = postSolution
		{06A64AAB-9D3F-4C5A-BF91-097C84878546}.Debug|Any CPU.ActiveCfg = Debug|Any CPU
		{06A64AAB-9D3F-4C5A-BF91-097C84878546}.Debug|Any CPU.Build.0 = Debug|Any CPU
		{06A64AAB-9D3F-4C5A-BF91-097C84878546}.Release|Any CPU.ActiveCfg = Release|Any CPU
		{06A64AAB-9D3F-4C5A-BF91-097C84878546}.Release|Any CPU.Build.0 = Release|Any CPU
	EndGlobalSection
	GlobalSection(SolutionProperties) = preSolution
		HideSolutionNode = FALSE
	EndGlobalSection
	GlobalSection(ExtensibilityGlobals) = postSolution
		SolutionGuid = {82FDBDE7-C653-40B5-844B-7222F78D9D42}
	EndGlobalSection
EndGlobal
