
Microsoft Visual Studio Solution File, Format Version 12.00
# Visual Studio 15
VisualStudioVersion = 15.0.28307.1267
MinimumVisualStudioVersion = 10.0.40219.1
Project("{FAE04EC0-301F-11D3-BF4B-00C04F79EFBC}") = "programa_BHASKARA", "programa_BHASKARA\programa_BHASKARA.csproj", "{9AA6C0B7-2B40-4BE3-841C-8EC95B986EAC}"
EndProject
Global
	GlobalSection(SolutionConfigurationPlatforms) = preSolution
		Debug|Any CPU = Debug|Any CPU
		Release|Any CPU = Release|Any CPU
	EndGlobalSection
	GlobalSection(ProjectConfigurationPlatforms) = postSolution
		{9AA6C0B7-2B40-4BE3-841C-8EC95B986EAC}.Debug|Any CPU.ActiveCfg = Debug|Any CPU
		{9AA6C0B7-2B40-4BE3-841C-8EC95B986EAC}.Debug|Any CPU.Build.0 = Debug|Any CPU
		{9AA6C0B7-2B40-4BE3-841C-8EC95B986EAC}.Release|Any CPU.ActiveCfg = Release|Any CPU
		{9AA6C0B7-2B40-4BE3-841C-8EC95B986EAC}.Release|Any CPU.Build.0 = Release|Any CPU
	EndGlobalSection
	GlobalSection(SolutionProperties) = preSolution
		HideSolutionNode = FALSE
	EndGlobalSection
	GlobalSection(ExtensibilityGlobals) = postSolution
		SolutionGuid = {E85EDEE5-78D0-407D-A030-FF5E5E560B88}
	EndGlobalSection
EndGlobal
