
Microsoft Visual Studio Solution File, Format Version 12.00
# Visual Studio 15
VisualStudioVersion = 15.0.28307.1267
MinimumVisualStudioVersion = 10.0.40219.1
Project("{FAE04EC0-301F-11D3-BF4B-00C04F79EFBC}") = "EXEMPLO_01", "EXEMPLO_01\EXEMPLO_01.csproj", "{C634C012-C448-4106-BDC4-7AF91789A0BC}"
EndProject
Global
	GlobalSection(SolutionConfigurationPlatforms) = preSolution
		Debug|Any CPU = Debug|Any CPU
		Release|Any CPU = Release|Any CPU
	EndGlobalSection
	GlobalSection(ProjectConfigurationPlatforms) = postSolution
		{C634C012-C448-4106-BDC4-7AF91789A0BC}.Debug|Any CPU.ActiveCfg = Debug|Any CPU
		{C634C012-C448-4106-BDC4-7AF91789A0BC}.Debug|Any CPU.Build.0 = Debug|Any CPU
		{C634C012-C448-4106-BDC4-7AF91789A0BC}.Release|Any CPU.ActiveCfg = Release|Any CPU
		{C634C012-C448-4106-BDC4-7AF91789A0BC}.Release|Any CPU.Build.0 = Release|Any CPU
	EndGlobalSection
	GlobalSection(SolutionProperties) = preSolution
		HideSolutionNode = FALSE
	EndGlobalSection
	GlobalSection(ExtensibilityGlobals) = postSolution
		SolutionGuid = {1EAE5486-9332-4B78-A65F-448E24B58571}
	EndGlobalSection
EndGlobal
