
Microsoft Visual Studio Solution File, Format Version 12.00
# Visual Studio 15
VisualStudioVersion = 15.0.28307.1267
MinimumVisualStudioVersion = 10.0.40219.1
Project("{FAE04EC0-301F-11D3-BF4B-00C04F79EFBC}") = "ex_4_12_laco_for", "ex_4_12_laco_for\ex_4_12_laco_for.csproj", "{5495C89A-9DA7-416F-9C54-241298B3033E}"
EndProject
Global
	GlobalSection(SolutionConfigurationPlatforms) = preSolution
		Debug|Any CPU = Debug|Any CPU
		Release|Any CPU = Release|Any CPU
	EndGlobalSection
	GlobalSection(ProjectConfigurationPlatforms) = postSolution
		{5495C89A-9DA7-416F-9C54-241298B3033E}.Debug|Any CPU.ActiveCfg = Debug|Any CPU
		{5495C89A-9DA7-416F-9C54-241298B3033E}.Debug|Any CPU.Build.0 = Debug|Any CPU
		{5495C89A-9DA7-416F-9C54-241298B3033E}.Release|Any CPU.ActiveCfg = Release|Any CPU
		{5495C89A-9DA7-416F-9C54-241298B3033E}.Release|Any CPU.Build.0 = Release|Any CPU
	EndGlobalSection
	GlobalSection(SolutionProperties) = preSolution
		HideSolutionNode = FALSE
	EndGlobalSection
	GlobalSection(ExtensibilityGlobals) = postSolution
		SolutionGuid = {C7AA3482-BF2B-40E5-BB6F-7729692E3FC3}
	EndGlobalSection
EndGlobal
