
Microsoft Visual Studio Solution File, Format Version 12.00
# Visual Studio 15
VisualStudioVersion = 15.0.28307.1267
MinimumVisualStudioVersion = 10.0.40219.1
Project("{FAE04EC0-301F-11D3-BF4B-00C04F79EFBC}") = "exemplo_2", "exemplo_2\exemplo_2.csproj", "{6678A089-3F73-4635-81DD-0B76E62A5A2D}"
EndProject
Global
	GlobalSection(SolutionConfigurationPlatforms) = preSolution
		Debug|Any CPU = Debug|Any CPU
		Release|Any CPU = Release|Any CPU
	EndGlobalSection
	GlobalSection(ProjectConfigurationPlatforms) = postSolution
		{6678A089-3F73-4635-81DD-0B76E62A5A2D}.Debug|Any CPU.ActiveCfg = Debug|Any CPU
		{6678A089-3F73-4635-81DD-0B76E62A5A2D}.Debug|Any CPU.Build.0 = Debug|Any CPU
		{6678A089-3F73-4635-81DD-0B76E62A5A2D}.Release|Any CPU.ActiveCfg = Release|Any CPU
		{6678A089-3F73-4635-81DD-0B76E62A5A2D}.Release|Any CPU.Build.0 = Release|Any CPU
	EndGlobalSection
	GlobalSection(SolutionProperties) = preSolution
		HideSolutionNode = FALSE
	EndGlobalSection
	GlobalSection(ExtensibilityGlobals) = postSolution
		SolutionGuid = {F294E042-B997-40F2-A675-6859FA9DB513}
	EndGlobalSection
EndGlobal
