
Microsoft Visual Studio Solution File, Format Version 12.00
# Visual Studio 15
VisualStudioVersion = 15.0.28307.1267
MinimumVisualStudioVersion = 10.0.40219.1
Project("{FAE04EC0-301F-11D3-BF4B-00C04F79EFBC}") = "nota_cap_4_1", "nota_cap_4_1\nota_cap_4_1.csproj", "{5E2B1037-EC06-4CDE-88F5-595C8A5BA6C1}"
EndProject
Global
	GlobalSection(SolutionConfigurationPlatforms) = preSolution
		Debug|Any CPU = Debug|Any CPU
		Release|Any CPU = Release|Any CPU
	EndGlobalSection
	GlobalSection(ProjectConfigurationPlatforms) = postSolution
		{5E2B1037-EC06-4CDE-88F5-595C8A5BA6C1}.Debug|Any CPU.ActiveCfg = Debug|Any CPU
		{5E2B1037-EC06-4CDE-88F5-595C8A5BA6C1}.Debug|Any CPU.Build.0 = Debug|Any CPU
		{5E2B1037-EC06-4CDE-88F5-595C8A5BA6C1}.Release|Any CPU.ActiveCfg = Release|Any CPU
		{5E2B1037-EC06-4CDE-88F5-595C8A5BA6C1}.Release|Any CPU.Build.0 = Release|Any CPU
	EndGlobalSection
	GlobalSection(SolutionProperties) = preSolution
		HideSolutionNode = FALSE
	EndGlobalSection
	GlobalSection(ExtensibilityGlobals) = postSolution
		SolutionGuid = {5303193E-4EB9-424B-A957-D277DDEA3BB8}
	EndGlobalSection
EndGlobal
