
Microsoft Visual Studio Solution File, Format Version 12.00
# Visual Studio 15
VisualStudioVersion = 15.0.28307.1267
MinimumVisualStudioVersion = 10.0.40219.1
Project("{FAE04EC0-301F-11D3-BF4B-00C04F79EFBC}") = "ex_3_revisao_3_16", "ex_3_revisao_3_16\ex_3_revisao_3_16.csproj", "{C9622D6D-0CA9-4A78-92DC-C07A9E16550B}"
EndProject
Global
	GlobalSection(SolutionConfigurationPlatforms) = preSolution
		Debug|Any CPU = Debug|Any CPU
		Release|Any CPU = Release|Any CPU
	EndGlobalSection
	GlobalSection(ProjectConfigurationPlatforms) = postSolution
		{C9622D6D-0CA9-4A78-92DC-C07A9E16550B}.Debug|Any CPU.ActiveCfg = Debug|Any CPU
		{C9622D6D-0CA9-4A78-92DC-C07A9E16550B}.Debug|Any CPU.Build.0 = Debug|Any CPU
		{C9622D6D-0CA9-4A78-92DC-C07A9E16550B}.Release|Any CPU.ActiveCfg = Release|Any CPU
		{C9622D6D-0CA9-4A78-92DC-C07A9E16550B}.Release|Any CPU.Build.0 = Release|Any CPU
	EndGlobalSection
	GlobalSection(SolutionProperties) = preSolution
		HideSolutionNode = FALSE
	EndGlobalSection
	GlobalSection(ExtensibilityGlobals) = postSolution
		SolutionGuid = {7BA7CE50-C01E-4111-B4F2-78C928FE09FB}
	EndGlobalSection
EndGlobal
