
Microsoft Visual Studio Solution File, Format Version 12.00
# Visual Studio 15
VisualStudioVersion = 15.0.28307.1267
MinimumVisualStudioVersion = 10.0.40219.1
Project("{FAE04EC0-301F-11D3-BF4B-00C04F79EFBC}") = "5_2_ForCounter", "5_2_ForCounter\5_2_ForCounter.csproj", "{C63ADCE0-6522-466D-9C09-47E740F932E5}"
EndProject
Global
	GlobalSection(SolutionConfigurationPlatforms) = preSolution
		Debug|Any CPU = Debug|Any CPU
		Release|Any CPU = Release|Any CPU
	EndGlobalSection
	GlobalSection(ProjectConfigurationPlatforms) = postSolution
		{C63ADCE0-6522-466D-9C09-47E740F932E5}.Debug|Any CPU.ActiveCfg = Debug|Any CPU
		{C63ADCE0-6522-466D-9C09-47E740F932E5}.Debug|Any CPU.Build.0 = Debug|Any CPU
		{C63ADCE0-6522-466D-9C09-47E740F932E5}.Release|Any CPU.ActiveCfg = Release|Any CPU
		{C63ADCE0-6522-466D-9C09-47E740F932E5}.Release|Any CPU.Build.0 = Release|Any CPU
	EndGlobalSection
	GlobalSection(SolutionProperties) = preSolution
		HideSolutionNode = FALSE
	EndGlobalSection
	GlobalSection(ExtensibilityGlobals) = postSolution
		SolutionGuid = {AC113745-A5FA-4F20-B9CC-11E06AB7E7E8}
	EndGlobalSection
EndGlobal
