
Microsoft Visual Studio Solution File, Format Version 12.00
# Visual Studio 15
VisualStudioVersion = 15.0.28307.1267
MinimumVisualStudioVersion = 10.0.40219.1
Project("{FAE04EC0-301F-11D3-BF4B-00C04F79EFBC}") = "exemplo_3", "exemplo_3\exemplo_3.csproj", "{C6E9E419-DF6F-4998-AEC2-F05E83A51513}"
EndProject
Global
	GlobalSection(SolutionConfigurationPlatforms) = preSolution
		Debug|Any CPU = Debug|Any CPU
		Release|Any CPU = Release|Any CPU
	EndGlobalSection
	GlobalSection(ProjectConfigurationPlatforms) = postSolution
		{C6E9E419-DF6F-4998-AEC2-F05E83A51513}.Debug|Any CPU.ActiveCfg = Debug|Any CPU
		{C6E9E419-DF6F-4998-AEC2-F05E83A51513}.Debug|Any CPU.Build.0 = Debug|Any CPU
		{C6E9E419-DF6F-4998-AEC2-F05E83A51513}.Release|Any CPU.ActiveCfg = Release|Any CPU
		{C6E9E419-DF6F-4998-AEC2-F05E83A51513}.Release|Any CPU.Build.0 = Release|Any CPU
	EndGlobalSection
	GlobalSection(SolutionProperties) = preSolution
		HideSolutionNode = FALSE
	EndGlobalSection
	GlobalSection(ExtensibilityGlobals) = postSolution
		SolutionGuid = {4A67F331-E99D-41EE-92D8-93E1437AAD38}
	EndGlobalSection
EndGlobal
