
Microsoft Visual Studio Solution File, Format Version 12.00
# Visual Studio 15
VisualStudioVersion = 15.0.28307.1267
MinimumVisualStudioVersion = 10.0.40219.1
Project("{FAE04EC0-301F-11D3-BF4B-00C04F79EFBC}") = "5_7_padroes", "5_7_padroes\5_7_padroes.csproj", "{EBCF87A5-9ADD-4F05-8C9C-2F96C7F0B1FC}"
EndProject
Global
	GlobalSection(SolutionConfigurationPlatforms) = preSolution
		Debug|Any CPU = Debug|Any CPU
		Release|Any CPU = Release|Any CPU
	EndGlobalSection
	GlobalSection(ProjectConfigurationPlatforms) = postSolution
		{EBCF87A5-9ADD-4F05-8C9C-2F96C7F0B1FC}.Debug|Any CPU.ActiveCfg = Debug|Any CPU
		{EBCF87A5-9ADD-4F05-8C9C-2F96C7F0B1FC}.Debug|Any CPU.Build.0 = Debug|Any CPU
		{EBCF87A5-9ADD-4F05-8C9C-2F96C7F0B1FC}.Release|Any CPU.ActiveCfg = Release|Any CPU
		{EBCF87A5-9ADD-4F05-8C9C-2F96C7F0B1FC}.Release|Any CPU.Build.0 = Release|Any CPU
	EndGlobalSection
	GlobalSection(SolutionProperties) = preSolution
		HideSolutionNode = FALSE
	EndGlobalSection
	GlobalSection(ExtensibilityGlobals) = postSolution
		SolutionGuid = {8793D22B-D578-44BF-9A01-4D00F331EB04}
	EndGlobalSection
EndGlobal
