
Microsoft Visual Studio Solution File, Format Version 12.00
# Visual Studio 15
VisualStudioVersion = 15.0.28307.1267
MinimumVisualStudioVersion = 10.0.40219.1
Project("{FAE04EC0-301F-11D3-BF4B-00C04F79EFBC}") = "s3_13", "s3_13\s3_13.csproj", "{8D00D6D5-D658-42D0-B703-BC076D84A02D}"
EndProject
Global
	GlobalSection(SolutionConfigurationPlatforms) = preSolution
		Debug|Any CPU = Debug|Any CPU
		Release|Any CPU = Release|Any CPU
	EndGlobalSection
	GlobalSection(ProjectConfigurationPlatforms) = postSolution
		{8D00D6D5-D658-42D0-B703-BC076D84A02D}.Debug|Any CPU.ActiveCfg = Debug|Any CPU
		{8D00D6D5-D658-42D0-B703-BC076D84A02D}.Debug|Any CPU.Build.0 = Debug|Any CPU
		{8D00D6D5-D658-42D0-B703-BC076D84A02D}.Release|Any CPU.ActiveCfg = Release|Any CPU
		{8D00D6D5-D658-42D0-B703-BC076D84A02D}.Release|Any CPU.Build.0 = Release|Any CPU
	EndGlobalSection
	GlobalSection(SolutionProperties) = preSolution
		HideSolutionNode = FALSE
	EndGlobalSection
	GlobalSection(ExtensibilityGlobals) = postSolution
		SolutionGuid = {0B4A9E0F-2024-49D9-8C9A-249593CC36D8}
	EndGlobalSection
EndGlobal
