
Microsoft Visual Studio Solution File, Format Version 12.00
# Visual Studio 15
VisualStudioVersion = 15.0.28307.1267
MinimumVisualStudioVersion = 10.0.40219.1
Project("{FAE04EC0-301F-11D3-BF4B-00C04F79EFBC}") = "programa_ELEICAO_SINDICAL", "programa_ELEICAO_SINDICAL\programa_ELEICAO_SINDICAL.csproj", "{FF66B129-8837-4107-A782-D2E4CC9FE356}"
EndProject
Global
	GlobalSection(SolutionConfigurationPlatforms) = preSolution
		Debug|Any CPU = Debug|Any CPU
		Release|Any CPU = Release|Any CPU
	EndGlobalSection
	GlobalSection(ProjectConfigurationPlatforms) = postSolution
		{FF66B129-8837-4107-A782-D2E4CC9FE356}.Debug|Any CPU.ActiveCfg = Debug|Any CPU
		{FF66B129-8837-4107-A782-D2E4CC9FE356}.Debug|Any CPU.Build.0 = Debug|Any CPU
		{FF66B129-8837-4107-A782-D2E4CC9FE356}.Release|Any CPU.ActiveCfg = Release|Any CPU
		{FF66B129-8837-4107-A782-D2E4CC9FE356}.Release|Any CPU.Build.0 = Release|Any CPU
	EndGlobalSection
	GlobalSection(SolutionProperties) = preSolution
		HideSolutionNode = FALSE
	EndGlobalSection
	GlobalSection(ExtensibilityGlobals) = postSolution
		SolutionGuid = {C1B302EF-72F4-4FEB-A126-15F1C9EDC0AC}
	EndGlobalSection
EndGlobal
