
Microsoft Visual Studio Solution File, Format Version 12.00
# Visual Studio 15
VisualStudioVersion = 15.0.28307.1267
MinimumVisualStudioVersion = 10.0.40219.1
Project("{FAE04EC0-301F-11D3-BF4B-00C04F79EFBC}") = "programa_QUADRADO", "programa_QUADRADO\programa_QUADRADO.csproj", "{139A7892-F46F-4A57-B3C5-8431131636DE}"
EndProject
Global
	GlobalSection(SolutionConfigurationPlatforms) = preSolution
		Debug|Any CPU = Debug|Any CPU
		Release|Any CPU = Release|Any CPU
	EndGlobalSection
	GlobalSection(ProjectConfigurationPlatforms) = postSolution
		{139A7892-F46F-4A57-B3C5-8431131636DE}.Debug|Any CPU.ActiveCfg = Debug|Any CPU
		{139A7892-F46F-4A57-B3C5-8431131636DE}.Debug|Any CPU.Build.0 = Debug|Any CPU
		{139A7892-F46F-4A57-B3C5-8431131636DE}.Release|Any CPU.ActiveCfg = Release|Any CPU
		{139A7892-F46F-4A57-B3C5-8431131636DE}.Release|Any CPU.Build.0 = Release|Any CPU
	EndGlobalSection
	GlobalSection(SolutionProperties) = preSolution
		HideSolutionNode = FALSE
	EndGlobalSection
	GlobalSection(ExtensibilityGlobals) = postSolution
		SolutionGuid = {81EB6AD7-C70D-4EAA-9CA5-05362FDD0976}
	EndGlobalSection
EndGlobal
